
Microsoft Visual Studio Solution File, Format Version 12.00
# Visual Studio 15
VisualStudioVersion = 15.0.28307.757
MinimumVisualStudioVersion = 10.0.40219.1
Project("{FAE04EC0-301F-11D3-BF4B-00C04F79EFBC}") = "Unit06Work", "Unit06Work\Unit06Work.csproj", "{3BB65951-999F-46FF-BAE9-D05D88EB6EE2}"
EndProject
Global
	GlobalSection(SolutionConfigurationPlatforms) = preSolution
		Debug|Any CPU = Debug|Any CPU
		Release|Any CPU = Release|Any CPU
	EndGlobalSection
	GlobalSection(ProjectConfigurationPlatforms) = postSolution
		{3BB65951-999F-46FF-BAE9-D05D88EB6EE2}.Debug|Any CPU.ActiveCfg = Debug|Any CPU
		{3BB65951-999F-46FF-BAE9-D05D88EB6EE2}.Debug|Any CPU.Build.0 = Debug|Any CPU
		{3BB65951-999F-46FF-BAE9-D05D88EB6EE2}.Release|Any CPU.ActiveCfg = Release|Any CPU
		{3BB65951-999F-46FF-BAE9-D05D88EB6EE2}.Release|Any CPU.Build.0 = Release|Any CPU
	EndGlobalSection
	GlobalSection(SolutionProperties) = preSolution
		HideSolutionNode = FALSE
	EndGlobalSection
	GlobalSection(ExtensibilityGlobals) = postSolution
		SolutionGuid = {16615A1C-20B1-4171-988B-58F33A580184}
	EndGlobalSection
EndGlobal
